version = 1
revision = 3
requires-python = ">=3.12, <4.0"

[[package]]
name = "attrs"
version = "26.1.0"
source = { registry = "https://pypi.org/simple" }
sdist = { url = "https://files.pythonhosted.org/packages/9a/8e/82a0fe20a541c03148528be8cac2408564a6c9a0cc7e9171802bc1d26985/attrs-26.1.0.tar.gz", hash = "sha256:d03ceb89cb322a8fd706d4fb91940737b6642aa36998fe130a9bc96c985eff32", size = 952055, upload-time = "2026-03-19T14:22:25.026Z" }
wheels = [
    { url = "https://files.pythonhosted.org/packages/64/b4/17d4b0b2a2dc85a6df63d1157e028ed19f90d4cd97c36717afef2bc2f395/attrs-26.1.0-py3-none-any.whl", hash = "sha256:c647aa4a12dfbad9333ca4e71fe62ddc36f4e63b2d260a37a8b83d2f043ac309", size = 67548, upload-time = "2026-03-19T14:22:23.645Z" },
]

[[package]]
name = "colorama"
version = "0.4.6"
source = { registry = "https://pypi.org/simple" }
sdist = { url = "https://files.pythonhosted.org/packages/d8/53/6f443c9a4a8358a93a6792e2acffb9d9d5cb0a5cfd8802644b7b1c9a02e4/colorama-0.4.6.tar.gz", hash = "sha256:08695f5cb7ed6e0531a20572697297273c47b8cae5a63ffc6d6ed5c201be6e44", size = 27697, upload-time = "2022-10-25T02:36:22.414Z" }
wheels = [
    { url = "https://files.pythonhosted.org/packages/d1/d6/3965ed04c63042e047cb6a3e6ed1a63a35087b6a609aa3a15ed8ac56c221/colorama-0.4.6-py2.py3-none-any.whl", hash = "sha256:4f1d9991f5acc0ca119f9d443620b77f9d6b33703e51011c16baf57afb285fc6", size = 25335, upload-time = "2022-10-25T02:36:20.889Z" },
]

[[package]]
name = "execnet"
version = "2.1.2"
source = { registry = "https://pypi.org/simple" }
sdist = { url = "https://files.pythonhosted.org/packages/bf/89/780e11f9588d9e7128a3f87788354c7946a9cbb1401ad38a48c4db9a4f07/execnet-2.1.2.tar.gz", hash = "sha256:63d83bfdd9a23e35b9c6a3261412324f964c2ec8dcd8d3c6916ee9373e0befcd", size = 166622, upload-time = "2025-11-12T09:56:37.75Z" }
wheels = [
    { url = "https://files.pythonhosted.org/packages/ab/84/02fc1827e8cdded4aa65baef11296a9bbe595c474f0d6d758af082d849fd/execnet-2.1.2-py3-none-any.whl", hash = "sha256:67fba928dd5a544b783f6056f449e5e3931a5c378b128bc18501f7ea79e296ec", size = 40708, upload-time = "2025-11-12T09:56:36.333Z" },
]

[[package]]
name = "iniconfig"
version = "2.3.0"
source = { registry = "https://pypi.org/simple" }
sdist = { url = "https://files.pythonhosted.org/packages/72/34/14ca021ce8e5dfedc35312d08ba8bf51fdd999c576889fc2c24cb97f4f10/iniconfig-2.3.0.tar.gz", hash = "sha256:c76315c77db068650d49c5b56314774a7804df16fee4402c1f19d6d15d8c4730", size = 20503, upload-time = "2025-10-18T21:55:43.219Z" }
wheels = [
    { url = "https://files.pythonhosted.org/packages/cb/b1/3846dd7f199d53cb17f49cba7e651e9ce294d8497c8c150530ed11865bb8/iniconfig-2.3.0-py3-none-any.whl", hash = "sha256:f631c04d2c48c52b84d0d0549c99ff3859c98df65b3101406327ecc7d53fbf12", size = 7484, upload-time = "2025-10-18T21:55:41.639Z" },
]

[[package]]
name = "netifaces2"
version = "0.0.22"
source = { registry = "https://pypi.org/simple" }
sdist = { url = "https://files.pythonhosted.org/packages/19/40/8818b20a921c39fc6d6a508f180b9ae97e35b90a8d8b91d64db54f625225/netifaces2-0.0.22.tar.gz", hash = "sha256:c872a54e1a0e2bf078593b4460013996de804e40cab1b0ebc377b0e74b52a244", size = 21203, upload-time = "2024-02-28T21:14:00.969Z" }
wheels = [
    { url = "https://files.pythonhosted.org/packages/9f/8a/dce8b32aad8d2d338c75590656c270214a89d7a41df9b8b936d0c5d31438/netifaces2-0.0.22-cp37-abi3-macosx_10_12_x86_64.whl", hash = "sha256:4b7073aabee570466373e312b7f92a81e669f2462051eaefafb8a3d9ba078a35", size = 250954, upload-time = "2024-02-28T21:13:41.437Z" },
    { url = "https://files.pythonhosted.org/packages/ba/cb/78613bbabe140763fa5ffb9e9098c35c74440b091a21025ad4acc8e6c2a4/netifaces2-0.0.22-cp37-abi3-manylinux_2_17_aarch64.manylinux2014_aarch64.whl", hash = "sha256:2f6fa1ca50ede5d148a9c378ab08e093418666b58353a2fe31b02d772f568231", size = 1012931, upload-time = "2024-02-28T21:13:43.088Z" },
    { url = "https://files.pythonhosted.org/packages/36/1d/4dfb25228d9047ae9bc2f72f14260ffdc6a72b436dc1af6c954e50d45cce/netifaces2-0.0.22-cp37-abi3-manylinux_2_17_armv7l.manylinux2014_armv7l.whl", hash = "sha256:e1393ddecc35fcbb5ca89c90783ef44c1cae3f93b60bbdcb2e2ebd20783b9e06", size = 1033527, upload-time = "2024-02-28T21:13:44.455Z" },
    { url = "https://files.pythonhosted.org/packages/b2/f1/acf33b20232e4bceb838712ab42294d1a4a658f4ed1d4176596ea8d2d5db/netifaces2-0.0.22-cp37-abi3-manylinux_2_17_i686.manylinux2014_i686.whl", hash = "sha256:150804d34f1a97d07ec7032573561267e1753c30670df5e32021a2cf4e3f76b5", size = 1048825, upload-time = "2024-02-28T21:13:46.285Z" },
    { url = "https://files.pythonhosted.org/packages/e5/e3/c6b0840e163d2b97e49029d90674eeb1cd41308bc47acae7f27906e28ec5/netifaces2-0.0.22-cp37-abi3-manylinux_2_17_ppc64.manylinux2014_ppc64.whl", hash = "sha256:47d15b7235804e4b506298d757856c97e9d969be9cf91642581bf314f98cdefa", size = 1140127, upload-time = "2024-02-28T21:13:47.763Z" },
    { url = "https://files.pythonhosted.org/packages/83/a2/a534c8362e8ac9c23497496eef39f193de37c1e10b3781bc5b3d54f9893e/netifaces2-0.0.22-cp37-abi3-manylinux_2_17_ppc64le.manylinux2014_ppc64le.whl", hash = "sha256:c0f59974328a3481eb0b3264a1cb479f2058cc8f09a3a0097a24d306fd59ec5e", size = 1124535, upload-time = "2024-02-28T21:13:49.826Z" },
    { url = "https://files.pythonhosted.org/packages/0e/56/f9ef7fcfa04ed4dcf0a5b631f82d131ddc9fe3df7c457a52f20fb21e0682/netifaces2-0.0.22-cp37-abi3-manylinux_2_17_s390x.manylinux2014_s390x.whl", hash = "sha256:69689cf211d17968e020582ddf3b023b0b956c003571e088a86ad21e27b678d9", size = 1148253, upload-time = "2024-02-28T21:13:51.195Z" },
    { url = "https://files.pythonhosted.org/packages/d4/e9/fcbf4c0e84037e072364696927e6e12d78ce69c93eaaf9b382b8655bbdc8/netifaces2-0.0.22-cp37-abi3-manylinux_2_17_x86_64.manylinux2014_x86_64.whl", hash = "sha256:043ddcd4b09f9b8e86c2bd54214a90904c2fec8869d0cfd295c671c2f4cb27b3", size = 1022475, upload-time = "2024-02-28T21:13:52.597Z" },
    { url = "https://files.pythonhosted.org/packages/77/88/3e250f667ae24f8e30a651a938a27d8281e6e3c818b70e1151ba6a25654d/netifaces2-0.0.22-cp37-abi3-musllinux_1_1_aarch64.whl", hash = "sha256:e24c4089c743ad61c59e988d2c2de9ba2c91f1dccaecd57cf1d03c4414946a8f", size = 1186644, upload-time = "2024-02-28T21:13:53.799Z" },
    { url = "https://files.pythonhosted.org/packages/52/7a/63c6607f5b12c2367d8bc37025bde067ec8eecad9b97c8d8c39eadd1411b/netifaces2-0.0.22-cp37-abi3-musllinux_1_1_armv7l.whl", hash = "sha256:03151c24171e6da9079e5abcd303f3e0d8ac275a8fe4e178f82fdf1590f989e4", size = 1290641, upload-time = "2024-02-28T21:13:55.021Z" },
    { url = "https://files.pythonhosted.org/packages/15/51/54ecfb98ccacad6ff9353c3267bdea60e2cd27179440f00dc25e76b51486/netifaces2-0.0.22-cp37-abi3-musllinux_1_1_i686.whl", hash = "sha256:db607a05fa9e7b4791649b83bdc260dcc2f1082e502e6c9e22eb3853a5ff1485", size = 1210018, upload-time = "2024-02-28T21:13:56.321Z" },
    { url = "https://files.pythonhosted.org/packages/6e/55/290a663e7334cce09d87e70d7c162e9141fe9ea7eb0861594ec3774babe4/netifaces2-0.0.22-cp37-abi3-musllinux_1_1_x86_64.whl", hash = "sha256:a203a34be5976a747777add600d3d9942bd87b8252bbb7d250273ec4f23744f4", size = 1191490, upload-time = "2024-02-28T21:13:57.902Z" },
    { url = "https://files.pythonhosted.org/packages/df/c0/5b5c33aae4d07a4292bc6c4159222d04a1dbc4907d20863a8800e6f20ffd/netifaces2-0.0.22-cp37-abi3-win_amd64.whl", hash = "sha256:c31ef56334aa73d0cb81d49e7a9bc3cdd8822e566594038b76c27eaf0334ea6d", size = 138125, upload-time = "2024-02-28T21:13:59.808Z" },
]

[[package]]
name = "packaging"
version = "26.2"
source = { registry = "https://pypi.org/simple" }
sdist = { url = "https://files.pythonhosted.org/packages/d7/f1/e7a6dd94a8d4a5626c03e4e99c87f241ba9e350cd9e6d75123f992427270/packaging-26.2.tar.gz", hash = "sha256:ff452ff5a3e828ce110190feff1178bb1f2ea2281fa2075aadb987c2fb221661", size = 228134, upload-time = "2026-04-24T20:15:23.917Z" }
wheels = [
    { url = "https://files.pythonhosted.org/packages/df/b2/87e62e8c3e2f4b32e5fe99e0b86d576da1312593b39f47d8ceef365e95ed/packaging-26.2-py3-none-any.whl", hash = "sha256:5fc45236b9446107ff2415ce77c807cee2862cb6fac22b8a73826d0693b0980e", size = 100195, upload-time = "2026-04-24T20:15:22.081Z" },
]

[[package]]
name = "pluggy"
version = "1.6.0"
source = { registry = "https://pypi.org/simple" }
sdist = { url = "https://files.pythonhosted.org/packages/f9/e2/3e91f31a7d2b083fe6ef3fa267035b518369d9511ffab804f839851d2779/pluggy-1.6.0.tar.gz", hash = "sha256:7dcc130b76258d33b90f61b658791dede3486c3e6bfb003ee5c9bfb396dd22f3", size = 69412, upload-time = "2025-05-15T12:30:07.975Z" }
wheels = [
    { url = "https://files.pythonhosted.org/packages/54/20/4d324d65cc6d9205fabedc306948156824eb9f0ee1633355a8f7ec5c66bf/pluggy-1.6.0-py3-none-any.whl", hash = "sha256:e920276dd6813095e9377c0bc5566d94c932c33b27a3e3945d8389c374dd4746", size = 20538, upload-time = "2025-05-15T12:30:06.134Z" },
]

[[package]]
name = "psutil"
version = "7.2.2"
source = { registry = "https://pypi.org/simple" }
sdist = { url = "https://files.pythonhosted.org/packages/aa/c6/d1ddf4abb55e93cebc4f2ed8b5d6dbad109ecb8d63748dd2b20ab5e57ebe/psutil-7.2.2.tar.gz", hash = "sha256:0746f5f8d406af344fd547f1c8daa5f5c33dbc293bb8d6a16d80b4bb88f59372", size = 493740, upload-time = "2026-01-28T18:14:54.428Z" }
wheels = [
    { url = "https://files.pythonhosted.org/packages/51/08/510cbdb69c25a96f4ae523f733cdc963ae654904e8db864c07585ef99875/psutil-7.2.2-cp313-cp313t-macosx_10_13_x86_64.whl", hash = "sha256:2edccc433cbfa046b980b0df0171cd25bcaeb3a68fe9022db0979e7aa74a826b", size = 130595, upload-time = "2026-01-28T18:14:57.293Z" },
    { url = "https://files.pythonhosted.org/packages/d6/f5/97baea3fe7a5a9af7436301f85490905379b1c6f2dd51fe3ecf24b4c5fbf/psutil-7.2.2-cp313-cp313t-macosx_11_0_arm64.whl", hash = "sha256:e78c8603dcd9a04c7364f1a3e670cea95d51ee865e4efb3556a3a63adef958ea", size = 131082, upload-time = "2026-01-28T18:14:59.732Z" },
    { url = "https://files.pythonhosted.org/packages/37/d6/246513fbf9fa174af531f28412297dd05241d97a75911ac8febefa1a53c6/psutil-7.2.2-cp313-cp313t-manylinux2010_x86_64.manylinux_2_12_x86_64.manylinux_2_28_x86_64.whl", hash = "sha256:1a571f2330c966c62aeda00dd24620425d4b0cc86881c89861fbc04549e5dc63", size = 181476, upload-time = "2026-01-28T18:15:01.884Z" },
    { url = "https://files.pythonhosted.org/packages/b8/b5/9182c9af3836cca61696dabe4fd1304e17bc56cb62f17439e1154f225dd3/psutil-7.2.2-cp313-cp313t-manylinux2014_aarch64.manylinux_2_17_aarch64.manylinux_2_28_aarch64.whl", hash = "sha256:917e891983ca3c1887b4ef36447b1e0873e70c933afc831c6b6da078ba474312", size = 184062, upload-time = "2026-01-28T18:15:04.436Z" },
    { url = "https://files.pythonhosted.org/packages/16/ba/0756dca669f5a9300d0cbcbfae9a4c30e446dfc7440ffe43ded5724bfd93/psutil-7.2.2-cp313-cp313t-win_amd64.whl", hash = "sha256:ab486563df44c17f5173621c7b198955bd6b613fb87c71c161f827d3fb149a9b", size = 139893, upload-time = "2026-01-28T18:15:06.378Z" },
    { url = "https://files.pythonhosted.org/packages/1c/61/8fa0e26f33623b49949346de05ec1ddaad02ed8ba64af45f40a147dbfa97/psutil-7.2.2-cp313-cp313t-win_arm64.whl", hash = "sha256:ae0aefdd8796a7737eccea863f80f81e468a1e4cf14d926bd9b6f5f2d5f90ca9", size = 135589, upload-time = "2026-01-28T18:15:08.03Z" },
    { url = "https://files.pythonhosted.org/packages/81/69/ef179ab5ca24f32acc1dac0c247fd6a13b501fd5534dbae0e05a1c48b66d/psutil-7.2.2-cp314-cp314t-macosx_10_15_x86_64.whl", hash = "sha256:eed63d3b4d62449571547b60578c5b2c4bcccc5387148db46e0c2313dad0ee00", size = 130664, upload-time = "2026-01-28T18:15:09.469Z" },
    { url = "https://files.pythonhosted.org/packages/7b/64/665248b557a236d3fa9efc378d60d95ef56dd0a490c2cd37dafc7660d4a9/psutil-7.2.2-cp314-cp314t-macosx_11_0_arm64.whl", hash = "sha256:7b6d09433a10592ce39b13d7be5a54fbac1d1228ed29abc880fb23df7cb694c9", size = 131087, upload-time = "2026-01-28T18:15:11.724Z" },
    { url = "https://files.pythonhosted.org/packages/d5/2e/e6782744700d6759ebce3043dcfa661fb61e2fb752b91cdeae9af12c2178/psutil-7.2.2-cp314-cp314t-manylinux2010_x86_64.manylinux_2_12_x86_64.manylinux_2_28_x86_64.whl", hash = "sha256:1fa4ecf83bcdf6e6c8f4449aff98eefb5d0604bf88cb883d7da3d8d2d909546a", size = 182383, upload-time = "2026-01-28T18:15:13.445Z" },
    { url = "https://files.pythonhosted.org/packages/57/49/0a41cefd10cb7505cdc04dab3eacf24c0c2cb158a998b8c7b1d27ee2c1f5/psutil-7.2.2-cp314-cp314t-manylinux2014_aarch64.manylinux_2_17_aarch64.manylinux_2_28_aarch64.whl", hash = "sha256:e452c464a02e7dc7822a05d25db4cde564444a67e58539a00f929c51eddda0cf", size = 185210, upload-time = "2026-01-28T18:15:16.002Z" },
    { url = "https://files.pythonhosted.org/packages/dd/2c/ff9bfb544f283ba5f83ba725a3c5fec6d6b10b8f27ac1dc641c473dc390d/psutil-7.2.2-cp314-cp314t-win_amd64.whl", hash = "sha256:c7663d4e37f13e884d13994247449e9f8f574bc4655d509c3b95e9ec9e2b9dc1", size = 141228, upload-time = "2026-01-28T18:15:18.385Z" },
    { url = "https://files.pythonhosted.org/packages/f2/fc/f8d9c31db14fcec13748d373e668bc3bed94d9077dbc17fb0eebc073233c/psutil-7.2.2-cp314-cp314t-win_arm64.whl", hash = "sha256:11fe5a4f613759764e79c65cf11ebdf26e33d6dd34336f8a337aa2996d71c841", size = 136284, upload-time = "2026-01-28T18:15:19.912Z" },
    { url = "https://files.pythonhosted.org/packages/e7/36/5ee6e05c9bd427237b11b3937ad82bb8ad2752d72c6969314590dd0c2f6e/psutil-7.2.2-cp36-abi3-macosx_10_9_x86_64.whl", hash = "sha256:ed0cace939114f62738d808fdcecd4c869222507e266e574799e9c0faa17d486", size = 129090, upload-time = "2026-01-28T18:15:22.168Z" },
    { url = "https://files.pythonhosted.org/packages/80/c4/f5af4c1ca8c1eeb2e92ccca14ce8effdeec651d5ab6053c589b074eda6e1/psutil-7.2.2-cp36-abi3-macosx_11_0_arm64.whl", hash = "sha256:1a7b04c10f32cc88ab39cbf606e117fd74721c831c98a27dc04578deb0c16979", size = 129859, upload-time = "2026-01-28T18:15:23.795Z" },
    { url = "https://files.pythonhosted.org/packages/b5/70/5d8df3b09e25bce090399cf48e452d25c935ab72dad19406c77f4e828045/psutil-7.2.2-cp36-abi3-manylinux2010_x86_64.manylinux_2_12_x86_64.manylinux_2_28_x86_64.whl", hash = "sha256:076a2d2f923fd4821644f5ba89f059523da90dc9014e85f8e45a5774ca5bc6f9", size = 155560, upload-time = "2026-01-28T18:15:25.976Z" },
    { url = "https://files.pythonhosted.org/packages/63/65/37648c0c158dc222aba51c089eb3bdfa238e621674dc42d48706e639204f/psutil-7.2.2-cp36-abi3-manylinux2014_aarch64.manylinux_2_17_aarch64.manylinux_2_28_aarch64.whl", hash = "sha256:b0726cecd84f9474419d67252add4ac0cd9811b04d61123054b9fb6f57df6e9e", size = 156997, upload-time = "2026-01-28T18:15:27.794Z" },
    { url = "https://files.pythonhosted.org/packages/8e/13/125093eadae863ce03c6ffdbae9929430d116a246ef69866dad94da3bfbc/psutil-7.2.2-cp36-abi3-musllinux_1_2_aarch64.whl", hash = "sha256:fd04ef36b4a6d599bbdb225dd1d3f51e00105f6d48a28f006da7f9822f2606d8", size = 148972, upload-time = "2026-01-28T18:15:29.342Z" },
    { url = "https://files.pythonhosted.org/packages/04/78/0acd37ca84ce3ddffaa92ef0f571e073faa6d8ff1f0559ab1272188ea2be/psutil-7.2.2-cp36-abi3-musllinux_1_2_x86_64.whl", hash = "sha256:b58fabe35e80b264a4e3bb23e6b96f9e45a3df7fb7eed419ac0e5947c61e47cc", size = 148266, upload-time = "2026-01-28T18:15:31.597Z" },
    { url = "https://files.pythonhosted.org/packages/b4/90/e2159492b5426be0c1fef7acba807a03511f97c5f86b3caeda6ad92351a7/psutil-7.2.2-cp37-abi3-win_amd64.whl", hash = "sha256:eb7e81434c8d223ec4a219b5fc1c47d0417b12be7ea866e24fb5ad6e84b3d988", size = 137737, upload-time = "2026-01-28T18:15:33.849Z" },
    { url = "https://files.pythonhosted.org/packages/8c/c7/7bb2e321574b10df20cbde462a94e2b71d05f9bbda251ef27d104668306a/psutil-7.2.2-cp37-abi3-win_arm64.whl", hash = "sha256:8c233660f575a5a89e6d4cb65d9f938126312bca76d8fe087b947b3a1aaac9ee", size = 134617, upload-time = "2026-01-28T18:15:36.514Z" },
]

[[package]]
name = "pygments"
version = "2.20.0"
source = { registry = "https://pypi.org/simple" }
sdist = { url = "https://files.pythonhosted.org/packages/c3/b2/bc9c9196916376152d655522fdcebac55e66de6603a76a02bca1b6414f6c/pygments-2.20.0.tar.gz", hash = "sha256:6757cd03768053ff99f3039c1a36d6c0aa0b263438fcab17520b30a303a82b5f", size = 4955991, upload-time = "2026-03-29T13:29:33.898Z" }
wheels = [
    { url = "https://files.pythonhosted.org/packages/f4/7e/a72dd26f3b0f4f2bf1dd8923c85f7ceb43172af56d63c7383eb62b332364/pygments-2.20.0-py3-none-any.whl", hash = "sha256:81a9e26dd42fd28a23a2d169d86d7ac03b46e2f8b59ed4698fb4785f946d0176", size = 1231151, upload-time = "2026-03-29T13:29:30.038Z" },
]

[[package]]
name = "pyhamcrest"
version = "2.1.0"
source = { registry = "https://pypi.org/simple" }
sdist = { url = "https://files.pythonhosted.org/packages/16/3f/f286caba4e64391a8dc9200e6de6ce0d07471e3f718248c3276843b7793b/pyhamcrest-2.1.0.tar.gz", hash = "sha256:c6acbec0923d0cb7e72c22af1926f3e7c97b8e8d69fc7498eabacaf7c975bd9c", size = 60538, upload-time = "2023-10-22T15:47:28.255Z" }
wheels = [
    { url = "https://files.pythonhosted.org/packages/0c/71/1b25d3797a24add00f6f8c1bb0ac03a38616e2ec6606f598c1d50b0b0ffb/pyhamcrest-2.1.0-py3-none-any.whl", hash = "sha256:f6913d2f392e30e0375b3ecbd7aee79e5d1faa25d345c8f4ff597665dcac2587", size = 54555, upload-time = "2023-10-22T15:47:25.08Z" },
]

[[package]]
name = "pytest"
version = "9.0.3"
source = { registry = "https://pypi.org/simple" }
dependencies = [
    { name = "colorama", marker = "sys_platform == 'win32'" },
    { name = "iniconfig" },
    { name = "packaging" },
    { name = "pluggy" },
    { name = "pygments" },
]
sdist = { url = "https://files.pythonhosted.org/packages/7d/0d/549bd94f1a0a402dc8cf64563a117c0f3765662e2e668477624baeec44d5/pytest-9.0.3.tar.gz", hash = "sha256:b86ada508af81d19edeb213c681b1d48246c1a91d304c6c81a427674c17eb91c", size = 1572165, upload-time = "2026-04-07T17:16:18.027Z" }
wheels = [
    { url = "https://files.pythonhosted.org/packages/d4/24/a372aaf5c9b7208e7112038812994107bc65a84cd00e0354a88c2c77a617/pytest-9.0.3-py3-none-any.whl", hash = "sha256:2c5efc453d45394fdd706ade797c0a81091eccd1d6e4bccfcd476e2b8e0ab5d9", size = 375249, upload-time = "2026-04-07T17:16:16.13Z" },
]

[[package]]
name = "pytest-cache"
version = "1.0"
source = { registry = "https://pypi.org/simple" }
dependencies = [
    { name = "execnet" },
    { name = "pytest" },
]
sdist = { url = "https://files.pythonhosted.org/packages/d1/15/082fd0428aab33d2bafa014f3beb241830427ba803a8912a5aaeaf3a5663/pytest-cache-1.0.tar.gz", hash = "sha256:be7468edd4d3d83f1e844959fd6e3fd28e77a481440a7118d430130ea31b07a9", size = 16242, upload-time = "2013-06-04T19:19:00.551Z" }

[[package]]
name = "pytest-xdocker"
version = "0.2.9"
source = { registry = "https://pypi.org/simple" }
dependencies = [
    { name = "attrs" },
    { name = "netifaces2" },
    { name = "psutil" },
    { name = "pyhamcrest" },
    { name = "pytest" },
    { name = "pytest-cache" },
    { name = "pytest-xprocess" },
]
sdist = { url = "https://files.pythonhosted.org/packages/85/a7/5e7120f4a3fcde15ad6cb6eb7927d347da1e3c2bd77adafd51dad795262e/pytest_xdocker-0.2.9.tar.gz", hash = "sha256:19961bf0cfdf623f8d6a8c4dc477e5eb5a48ac41b7acbdad2b0ba83121e31995", size = 116973, upload-time = "2026-05-21T00:30:49.71Z" }
wheels = [
    { url = "https://files.pythonhosted.org/packages/65/3a/d027568645c49aa256153d17c19bdef8d068e2a07fa5929282b713fac239/pytest_xdocker-0.2.9-py3-none-any.whl", hash = "sha256:dc6194a2a5d2855cbb4ead1202f2b11dde48fd3db44c4f49ea8017849a13a6aa", size = 20425, upload-time = "2026-05-21T00:30:48.487Z" },
]

[[package]]
name = "pytest-xprocess"
version = "1.0.2"
source = { registry = "https://pypi.org/simple" }
dependencies = [
    { name = "psutil" },
    { name = "pytest" },
]
sdist = { url = "https://files.pythonhosted.org/packages/27/6f/e53d349445b4280f6b47bbed87127e994f331c335377d5e72407b376ad46/pytest-xprocess-1.0.2.tar.gz", hash = "sha256:15e270637586eabc56755ee5fcc81c48bdb46ba7ef7c0d5b1b64302d080cc60f", size = 13232, upload-time = "2024-05-19T16:12:21.819Z" }
wheels = [
    { url = "https://files.pythonhosted.org/packages/63/cf/91b94238c843bfbae0a6674df45015aa3908b91454c496b2eb29e7991255/pytest_xprocess-1.0.2-py3-none-any.whl", hash = "sha256:0b0444d1f789fd9b4ba8b6b38b1d0139f226ab14091db2698a0521c1770523dd", size = 9628, upload-time = "2024-05-19T16:12:19.773Z" },
]

[[package]]
name = "ruff"
version = "0.15.14"
source = { registry = "https://pypi.org/simple" }
sdist = { url = "https://files.pythonhosted.org/packages/dc/8a/8bce2894573e9dae6ff4d77fe34ad727d79b9e6238ad288c5638990d90f6/ruff-0.15.14.tar.gz", hash = "sha256:48e866b165be4a9bdbf310f7d3c9a07edef2fe8cd63ffeb4e00bb590506ebf9f", size = 4700910, upload-time = "2026-05-21T14:34:55.177Z" }
wheels = [
    { url = "https://files.pythonhosted.org/packages/b9/c8/74a92c6ff9fcfb4f1f947126d3ebee8389276e161ecc85de5bda7cda51bd/ruff-0.15.14-py3-none-linux_armv6l.whl", hash = "sha256:8dd2db9416e487c8d4b01fa7056bb02c4d05969d4f8d17a08c229c2f4ff3c108", size = 10739177, upload-time = "2026-05-21T14:34:37.332Z" },
    { url = "https://files.pythonhosted.org/packages/45/91/254a35c20acc38a7223c9d2d594af12e794432464f2cdeb52af1dc4a892d/ruff-0.15.14-py3-none-macosx_10_12_x86_64.whl", hash = "sha256:be4ff55af755bd71a00ab3dc6bd7ffc467bd76e0df6881e286c2e3d23e8fb43b", size = 11144969, upload-time = "2026-05-21T14:34:43.978Z" },
    { url = "https://files.pythonhosted.org/packages/56/9e/d13e40f83b8d0a94430e6778ce1d94a43b38cf2efe63278bdd2b4c65abbf/ruff-0.15.14-py3-none-macosx_11_0_arm64.whl", hash = "sha256:48d5909d7d06276ce7dde6d32bfa4b0d4cb2651145cd8ee4b440722cbc77832f", size = 10478207, upload-time = "2026-05-21T14:34:48.378Z" },
    { url = "https://files.pythonhosted.org/packages/8d/f1/b15a7839fa4f332f8acec78e20564f26bb2d866e3d21710b877fd0263000/ruff-0.15.14-py3-none-manylinux_2_17_aarch64.manylinux2014_aarch64.whl", hash = "sha256:ca8cbfa94c4f90984a67561978602746d4cd27103568f745fa90eee3f0d4107d", size = 10818459, upload-time = "2026-05-21T14:34:22.318Z" },
    { url = "https://files.pythonhosted.org/packages/45/33/53d651177f84f94b400a0e27f8824eeada3dddc9d5ee8aeb048f4352a520/ruff-0.15.14-py3-none-manylinux_2_17_armv7l.manylinux2014_armv7l.whl", hash = "sha256:9a6bbc0333f1ab053423bcbf6226477d266ca7cec7738c4c8e3f55647803f3c4", size = 10541800, upload-time = "2026-05-21T14:34:20.209Z" },
    { url = "https://files.pythonhosted.org/packages/b8/a6/868f87e0bf9786ed24b5d0d0ad8676b8a94fd1912f42cddf9cfc7857818a/ruff-0.15.14-py3-none-manylinux_2_17_i686.manylinux2014_i686.whl", hash = "sha256:8a24a4f7605d7003a6674d4387651effd939dead3fddd0f36561eb77a9a2e542", size = 11342149, upload-time = "2026-05-21T14:34:46.365Z" },
    { url = "https://files.pythonhosted.org/packages/a7/8b/38cd5c19faffdcc05a408d2b78edccc69492ab9720eadb49ea15ef80d768/ruff-0.15.14-py3-none-manylinux_2_17_ppc64le.manylinux2014_ppc64le.whl", hash = "sha256:049b5326e53ed80978f2fc041a280603f69dd6b0c95464342a2bb4572d9d9e2f", size = 12212563, upload-time = "2026-05-21T14:34:28.579Z" },
    { url = "https://files.pythonhosted.org/packages/3e/4d/a3c5b874a556d5731e3e657aaf04311bb76f0a5c3ec220ed43051be6b64b/ruff-0.15.14-py3-none-manylinux_2_17_s390x.manylinux2014_s390x.whl", hash = "sha256:d4ed42e6696c8dfa5f06728e6441993901f548eb92d73bc472cb5a38d1395fbf", size = 11493299, upload-time = "2026-05-21T14:34:41.836Z" },
    { url = "https://files.pythonhosted.org/packages/1e/c0/56472c251d09858a53e51efbd485b09e1995d8731668b76d52e5dd6ee0f1/ruff-0.15.14-py3-none-manylinux_2_17_x86_64.manylinux2014_x86_64.whl", hash = "sha256:715c543cf450c4888251f91c52f1942a800541d9bddd7ac060aa4e6b77ae7cba", size = 11455931, upload-time = "2026-05-21T14:34:57.276Z" },
    { url = "https://files.pythonhosted.org/packages/2c/4a/e2e7b4d8dbf233d4eace59c75bc3435fa6d8bd3bae82d351d4e4300c0fd1/ruff-0.15.14-py3-none-manylinux_2_31_riscv64.whl", hash = "sha256:72ebab6013ec887d439d8b7593737a0a4ffb06d45d209d4e4bf2e92813082d3f", size = 11400794, upload-time = "2026-05-21T14:34:39.773Z" },
    { url = "https://files.pythonhosted.org/packages/97/c7/83c0539fe34c3e09136204d1e75d6052492364e0b3cb05e9465423f567d7/ruff-0.15.14-py3-none-musllinux_1_2_aarch64.whl", hash = "sha256:49072d36abdbe97a8dd7f480afe9c675699c0c495d4c84076e2c1203c4550581", size = 10804759, upload-time = "2026-05-21T14:34:31.045Z" },
    { url = "https://files.pythonhosted.org/packages/86/a6/18f2bfc095a2ab4a78745644e428205532ce6653a5d0fa8501572891534d/ruff-0.15.14-py3-none-musllinux_1_2_armv7l.whl", hash = "sha256:958522aee105068640c2c2ceae08f413ae44d922f52a1374ac13d6a96032fc93", size = 10539517, upload-time = "2026-05-21T14:34:53.064Z" },
    { url = "https://files.pythonhosted.org/packages/54/3a/5a8b3b69c654d4e4bf1d246ac5b49cbcdac6eaab6905925f8915f31e3b80/ruff-0.15.14-py3-none-musllinux_1_2_i686.whl", hash = "sha256:f3707da619a143a2e8830e2abab8224478d69ace2d28cb6c20543ae97c36bf61", size = 11065169, upload-time = "2026-05-21T14:34:24.484Z" },
    { url = "https://files.pythonhosted.org/packages/ed/c5/8864e4e7925b836ea354b31d57641ec03830564e281a8b6f061f8c3e0ec1/ruff-0.15.14-py3-none-musllinux_1_2_x86_64.whl", hash = "sha256:bb01d645694e3ec0102105d07ef2d53703970407d59c04e59d3ba0b7a1d53553", size = 11560214, upload-time = "2026-05-21T14:34:50.975Z" },
    { url = "https://files.pythonhosted.org/packages/36/38/012bf76752e1f89ed50b77b99532d90f3a3e287bc7918e1fc0948ac866ac/ruff-0.15.14-py3-none-win32.whl", hash = "sha256:6d0c1ad2a0ab718d39b6d8fd2217981ce4d625cd96a720095f798fb47d8b13e6", size = 10805548, upload-time = "2026-05-21T14:34:33.453Z" },
    { url = "https://files.pythonhosted.org/packages/d1/b7/4ea2c170f10ad760fff2a5250beb18897719dc8b52b53a24cddbb9dd3f19/ruff-0.15.14-py3-none-win_amd64.whl", hash = "sha256:802342981e056db3851a7836e5b070f8f15f67d4a685ae2a6160939d364b2902", size = 11939523, upload-time = "2026-05-21T14:34:18.077Z" },
    { url = "https://files.pythonhosted.org/packages/62/d5/bc97ff895ec35cf3925d4bd60f3b39d822f377a446906ec9bcc87405e59b/ruff-0.15.14-py3-none-win_arm64.whl", hash = "sha256:ff47b90a9ef6a40c9e2f3b479c1fb78531adf055b94c1eba0a7ba04b31951826", size = 11208607, upload-time = "2026-05-21T14:34:26.525Z" },
]

[[package]]
name = "taramux"
version = "0.0.0"
source = { virtual = "." }

[package.optional-dependencies]
check = [
    { name = "ruff" },
]
test = [
    { name = "pytest" },
    { name = "pytest-xdocker" },
]

[package.metadata]
requires-dist = [
    { name = "pytest", marker = "extra == 'test'", specifier = ">=9.0.0,<10.0.0" },
    { name = "pytest-xdocker", marker = "extra == 'test'", specifier = ">=0.2.7,<1.0.0" },
    { name = "ruff", marker = "extra == 'check'", specifier = ">=0.14.0,<1.0.0" },
]
provides-extras = ["test", "check"]
